
Microsoft Visual Studio Solution File, Format Version 11.00
# Visual Studio 2010
Project("{FAE04EC0-301F-11D3-BF4B-00C04F79EFBC}") = "CCHMapClusterController-Mono", "CCHMapClusterController-Mono.csproj", "{01A43856-E249-4B76-89E2-8106C7D9F834}"
EndProject
Global
	GlobalSection(SolutionConfigurationPlatforms) = preSolution
		Debug|Any CPU = Debug|Any CPU
		Release|Any CPU = Release|Any CPU
		Debug|iPhoneSimulator = Debug|iPhoneSimulator
		Release|iPhoneSimulator = Release|iPhoneSimulator
		Debug|iPhone = Debug|iPhone
		Release|iPhone = Release|iPhone
		Ad-Hoc|iPhone = Ad-Hoc|iPhone
		AppStore|iPhone = AppStore|iPhone
		NuGet|Any CPU = NuGet|Any CPU
	EndGlobalSection
	GlobalSection(ProjectConfigurationPlatforms) = postSolution
		{01A43856-E249-4B76-89E2-8106C7D9F834}.Ad-Hoc|iPhone.ActiveCfg = Debug|Any CPU
		{01A43856-E249-4B76-89E2-8106C7D9F834}.Ad-Hoc|iPhone.Build.0 = Debug|Any CPU
		{01A43856-E249-4B76-89E2-8106C7D9F834}.AppStore|iPhone.ActiveCfg = Debug|Any CPU
		{01A43856-E249-4B76-89E2-8106C7D9F834}.AppStore|iPhone.Build.0 = Debug|Any CPU
		{01A43856-E249-4B76-89E2-8106C7D9F834}.Debug|Any CPU.ActiveCfg = Debug|Any CPU
		{01A43856-E249-4B76-89E2-8106C7D9F834}.Debug|Any CPU.Build.0 = Debug|Any CPU
		{01A43856-E249-4B76-89E2-8106C7D9F834}.Debug|iPhone.ActiveCfg = Debug|Any CPU
		{01A43856-E249-4B76-89E2-8106C7D9F834}.Debug|iPhone.Build.0 = Debug|Any CPU
		{01A43856-E249-4B76-89E2-8106C7D9F834}.Debug|iPhoneSimulator.ActiveCfg = Debug|Any CPU
		{01A43856-E249-4B76-89E2-8106C7D9F834}.Debug|iPhoneSimulator.Build.0 = Debug|Any CPU
		{01A43856-E249-4B76-89E2-8106C7D9F834}.NuGet|Any CPU.ActiveCfg = NuGet|Any CPU
		{01A43856-E249-4B76-89E2-8106C7D9F834}.NuGet|Any CPU.Build.0 = NuGet|Any CPU
		{01A43856-E249-4B76-89E2-8106C7D9F834}.Release|Any CPU.ActiveCfg = Release|Any CPU
		{01A43856-E249-4B76-89E2-8106C7D9F834}.Release|Any CPU.Build.0 = Release|Any CPU
		{01A43856-E249-4B76-89E2-8106C7D9F834}.Release|iPhone.ActiveCfg = Release|Any CPU
		{01A43856-E249-4B76-89E2-8106C7D9F834}.Release|iPhone.Build.0 = Release|Any CPU
		{01A43856-E249-4B76-89E2-8106C7D9F834}.Release|iPhoneSimulator.ActiveCfg = Release|Any CPU
		{01A43856-E249-4B76-89E2-8106C7D9F834}.Release|iPhoneSimulator.Build.0 = Release|Any CPU
	EndGlobalSection
	GlobalSection(MonoDevelopProperties) = preSolution
		StartupItem = CCHMapClusterController-Mono.csproj
		version = 1.4.1
	EndGlobalSection
EndGlobal
